
Microsoft Visual Studio Solution File, Format Version 12.00
# Visual Studio Version 17
VisualStudioVersion = 17.6.33829.357
MinimumVisualStudioVersion = 10.0.40219.1
Project("{FAE04EC0-301F-11D3-BF4B-00C04F79EFBC}") = "LP.Repository", "LP.Repository.csproj", "{1A86AC9A-55BD-4742-89E4-B45755581A45}"
EndProject
Project("{9A19103F-16F7-4668-BE54-9A1E7A4F7556}") = "Live_Project", "..\Live_Project\Live_Project.csproj", "{68076B8B-FD5D-4835-8F1D-E594834CA84F}"
EndProject
Project("{FAE04EC0-301F-11D3-BF4B-00C04F79EFBC}") = "LP.Models", "..\LP.Models\LP.Models.csproj", "{936EF63A-F9E0-4C17-B22C-7725703D248F}"
EndProject
Project("{FAE04EC0-301F-11D3-BF4B-00C04F79EFBC}") = "LP.Common", "..\LP.Common\LP.Common.csproj", "{CE2F3F56-F927-44D1-A81E-AFB875DCE1C3}"
EndProject
Global
	GlobalSection(SolutionConfigurationPlatforms) = preSolution
		Debug|Any CPU = Debug|Any CPU
		Release|Any CPU = Release|Any CPU
	EndGlobalSection
	GlobalSection(ProjectConfigurationPlatforms) = postSolution
		{1A86AC9A-55BD-4742-89E4-B45755581A45}.Debug|Any CPU.ActiveCfg = Debug|Any CPU
		{1A86AC9A-55BD-4742-89E4-B45755581A45}.Debug|Any CPU.Build.0 = Debug|Any CPU
		{1A86AC9A-55BD-4742-89E4-B45755581A45}.Release|Any CPU.ActiveCfg = Release|Any CPU
		{1A86AC9A-55BD-4742-89E4-B45755581A45}.Release|Any CPU.Build.0 = Release|Any CPU
		{68076B8B-FD5D-4835-8F1D-E594834CA84F}.Debug|Any CPU.ActiveCfg = Debug|Any CPU
		{68076B8B-FD5D-4835-8F1D-E594834CA84F}.Debug|Any CPU.Build.0 = Debug|Any CPU
		{68076B8B-FD5D-4835-8F1D-E594834CA84F}.Release|Any CPU.ActiveCfg = Release|Any CPU
		{68076B8B-FD5D-4835-8F1D-E594834CA84F}.Release|Any CPU.Build.0 = Release|Any CPU
		{936EF63A-F9E0-4C17-B22C-7725703D248F}.Debug|Any CPU.ActiveCfg = Debug|Any CPU
		{936EF63A-F9E0-4C17-B22C-7725703D248F}.Debug|Any CPU.Build.0 = Debug|Any CPU
		{936EF63A-F9E0-4C17-B22C-7725703D248F}.Release|Any CPU.ActiveCfg = Release|Any CPU
		{936EF63A-F9E0-4C17-B22C-7725703D248F}.Release|Any CPU.Build.0 = Release|Any CPU
		{CE2F3F56-F927-44D1-A81E-AFB875DCE1C3}.Debug|Any CPU.ActiveCfg = Debug|Any CPU
		{CE2F3F56-F927-44D1-A81E-AFB875DCE1C3}.Debug|Any CPU.Build.0 = Debug|Any CPU
		{CE2F3F56-F927-44D1-A81E-AFB875DCE1C3}.Release|Any CPU.ActiveCfg = Release|Any CPU
		{CE2F3F56-F927-44D1-A81E-AFB875DCE1C3}.Release|Any CPU.Build.0 = Release|Any CPU
	EndGlobalSection
	GlobalSection(SolutionProperties) = preSolution
		HideSolutionNode = FALSE
	EndGlobalSection
	GlobalSection(ExtensibilityGlobals) = postSolution
		SolutionGuid = {5FAE7334-0BB5-4AF0-8A25-8B8E0847490E}
	EndGlobalSection
EndGlobal
